
Microsoft Visual Studio Solution File, Format Version 12.00
# Visual Studio Version 17
VisualStudioVersion = 17.3.32714.290
MinimumVisualStudioVersion = 10.0.40219.1
Project("{2150E333-8FDC-42A3-9474-1A3956D46DE8}") = "Teste.View", "Teste.View", "{70F3F06E-3603-4EC4-9069-607AE319613A}"
EndProject
Project("{2150E333-8FDC-42A3-9474-1A3956D46DE8}") = "Teste.Client", "Teste.Client", "{284952CE-866A-4E5B-A887-498583393019}"
EndProject
Project("{9A19103F-16F7-4668-BE54-9A1E7A4F7556}") = "Teste.View.Page", "Teste.View.Page\Teste.View.Page.csproj", "{B087A9EB-0C03-4C26-9946-44BA2C9A1E70}"
EndProject
Project("{9A19103F-16F7-4668-BE54-9A1E7A4F7556}") = "Teste.Client.Blazor", "Teste.Client.Blazor\Teste.Client.Blazor.csproj", "{5C91B986-88D7-488B-A256-0D3A9E98F42C}"
EndProject
Project("{9A19103F-16F7-4668-BE54-9A1E7A4F7556}") = "Teste.Client.WinForms", "Teste.Client.WinForms\Teste.Client.WinForms.csproj", "{02CAF0FE-3A83-476B-B0C8-42D5704D9F02}"
EndProject
Project("{9A19103F-16F7-4668-BE54-9A1E7A4F7556}") = "Teste.Client.Maui", "Teste.Client.Maui\Teste.Client.Maui.csproj", "{CDB1A3A1-2E15-4E11-A8A7-D0D7EAED85B5}"
EndProject
Project("{FAE04EC0-301F-11D3-BF4B-00C04F79EFBC}") = "Teste.Client.Wpf", "Teste.Client.Wpf\Teste.Client.Wpf.csproj", "{019B3BA9-070C-46EB-962D-A268E73AA819}"
EndProject
Project("{2150E333-8FDC-42A3-9474-1A3956D46DE8}") = "Teste.Api", "Teste.Api", "{2A4A8845-0900-4AC3-A185-9B4D859DFD60}"
EndProject
Project("{2150E333-8FDC-42A3-9474-1A3956D46DE8}") = "Teste.Data", "Teste.Data", "{A308E0B3-510E-43D8-BD7E-30A65DF1C2C0}"
EndProject
Project("{2150E333-8FDC-42A3-9474-1A3956D46DE8}") = "Teste.Core", "Teste.Core", "{0ECF5177-AF4D-48F3-B1B9-55F646AF2A48}"
EndProject
Project("{FAE04EC0-301F-11D3-BF4B-00C04F79EFBC}") = "Teste.Data.Data", "Teste.Data.Data\Teste.Data.Data.csproj", "{4CF94387-3F81-4D44-BCF6-98168B8E3D2B}"
EndProject
Project("{FAE04EC0-301F-11D3-BF4B-00C04F79EFBC}") = "Teste.Data.Domain", "Teste.Data.Domain\Teste.Data.Domain.csproj", "{A27F7199-5272-41FD-A306-A9BF611A7E0A}"
EndProject
Project("{FAE04EC0-301F-11D3-BF4B-00C04F79EFBC}") = "Teste.Data.IaC", "Teste.Data.IaC\Teste.Data.IaC.csproj", "{2635B4B2-F69B-48B6-945C-91D6DB822076}"
EndProject
Project("{FAE04EC0-301F-11D3-BF4B-00C04F79EFBC}") = "Teste.Core.Core", "Teste.Core.Core\Teste.Core.Core.csproj", "{628FEFB0-9A99-46AE-A5D2-D800D54684BD}"
EndProject
Project("{FAE04EC0-301F-11D3-BF4B-00C04F79EFBC}") = "Teste.Core.Service", "Teste.Core.Service\Teste.Core.Service.csproj", "{C3E4BA51-9DF8-4739-8A2B-9CFBC20BC60D}"
EndProject
Project("{FAE04EC0-301F-11D3-BF4B-00C04F79EFBC}") = "Teste.Api.Api", "Teste.Api.Api\Teste.Api.Api.csproj", "{BD729363-F5C3-4D6B-912C-EC94C05EE04D}"
EndProject
Global
	GlobalSection(SolutionConfigurationPlatforms) = preSolution
		Debug|Any CPU = Debug|Any CPU
		Release|Any CPU = Release|Any CPU
	EndGlobalSection
	GlobalSection(ProjectConfigurationPlatforms) = postSolution
		{B087A9EB-0C03-4C26-9946-44BA2C9A1E70}.Debug|Any CPU.ActiveCfg = Debug|Any CPU
		{B087A9EB-0C03-4C26-9946-44BA2C9A1E70}.Debug|Any CPU.Build.0 = Debug|Any CPU
		{B087A9EB-0C03-4C26-9946-44BA2C9A1E70}.Release|Any CPU.ActiveCfg = Release|Any CPU
		{B087A9EB-0C03-4C26-9946-44BA2C9A1E70}.Release|Any CPU.Build.0 = Release|Any CPU
		{5C91B986-88D7-488B-A256-0D3A9E98F42C}.Debug|Any CPU.ActiveCfg = Debug|Any CPU
		{5C91B986-88D7-488B-A256-0D3A9E98F42C}.Debug|Any CPU.Build.0 = Debug|Any CPU
		{5C91B986-88D7-488B-A256-0D3A9E98F42C}.Release|Any CPU.ActiveCfg = Release|Any CPU
		{5C91B986-88D7-488B-A256-0D3A9E98F42C}.Release|Any CPU.Build.0 = Release|Any CPU
		{02CAF0FE-3A83-476B-B0C8-42D5704D9F02}.Debug|Any CPU.ActiveCfg = Debug|Any CPU
		{02CAF0FE-3A83-476B-B0C8-42D5704D9F02}.Debug|Any CPU.Build.0 = Debug|Any CPU
		{02CAF0FE-3A83-476B-B0C8-42D5704D9F02}.Release|Any CPU.ActiveCfg = Release|Any CPU
		{02CAF0FE-3A83-476B-B0C8-42D5704D9F02}.Release|Any CPU.Build.0 = Release|Any CPU
		{CDB1A3A1-2E15-4E11-A8A7-D0D7EAED85B5}.Debug|Any CPU.ActiveCfg = Debug|Any CPU
		{CDB1A3A1-2E15-4E11-A8A7-D0D7EAED85B5}.Debug|Any CPU.Build.0 = Debug|Any CPU
		{CDB1A3A1-2E15-4E11-A8A7-D0D7EAED85B5}.Debug|Any CPU.Deploy.0 = Debug|Any CPU
		{CDB1A3A1-2E15-4E11-A8A7-D0D7EAED85B5}.Release|Any CPU.ActiveCfg = Release|Any CPU
		{CDB1A3A1-2E15-4E11-A8A7-D0D7EAED85B5}.Release|Any CPU.Build.0 = Release|Any CPU
		{CDB1A3A1-2E15-4E11-A8A7-D0D7EAED85B5}.Release|Any CPU.Deploy.0 = Release|Any CPU
		{019B3BA9-070C-46EB-962D-A268E73AA819}.Debug|Any CPU.ActiveCfg = Debug|Any CPU
		{019B3BA9-070C-46EB-962D-A268E73AA819}.Debug|Any CPU.Build.0 = Debug|Any CPU
		{019B3BA9-070C-46EB-962D-A268E73AA819}.Release|Any CPU.ActiveCfg = Release|Any CPU
		{019B3BA9-070C-46EB-962D-A268E73AA819}.Release|Any CPU.Build.0 = Release|Any CPU
		{4CF94387-3F81-4D44-BCF6-98168B8E3D2B}.Debug|Any CPU.ActiveCfg = Debug|Any CPU
		{4CF94387-3F81-4D44-BCF6-98168B8E3D2B}.Debug|Any CPU.Build.0 = Debug|Any CPU
		{4CF94387-3F81-4D44-BCF6-98168B8E3D2B}.Release|Any CPU.ActiveCfg = Release|Any CPU
		{4CF94387-3F81-4D44-BCF6-98168B8E3D2B}.Release|Any CPU.Build.0 = Release|Any CPU
		{A27F7199-5272-41FD-A306-A9BF611A7E0A}.Debug|Any CPU.ActiveCfg = Debug|Any CPU
		{A27F7199-5272-41FD-A306-A9BF611A7E0A}.Debug|Any CPU.Build.0 = Debug|Any CPU
		{A27F7199-5272-41FD-A306-A9BF611A7E0A}.Release|Any CPU.ActiveCfg = Release|Any CPU
		{A27F7199-5272-41FD-A306-A9BF611A7E0A}.Release|Any CPU.Build.0 = Release|Any CPU
		{2635B4B2-F69B-48B6-945C-91D6DB822076}.Debug|Any CPU.ActiveCfg = Debug|Any CPU
		{2635B4B2-F69B-48B6-945C-91D6DB822076}.Debug|Any CPU.Build.0 = Debug|Any CPU
		{2635B4B2-F69B-48B6-945C-91D6DB822076}.Release|Any CPU.ActiveCfg = Release|Any CPU
		{2635B4B2-F69B-48B6-945C-91D6DB822076}.Release|Any CPU.Build.0 = Release|Any CPU
		{628FEFB0-9A99-46AE-A5D2-D800D54684BD}.Debug|Any CPU.ActiveCfg = Debug|Any CPU
		{628FEFB0-9A99-46AE-A5D2-D800D54684BD}.Debug|Any CPU.Build.0 = Debug|Any CPU
		{628FEFB0-9A99-46AE-A5D2-D800D54684BD}.Release|Any CPU.ActiveCfg = Release|Any CPU
		{628FEFB0-9A99-46AE-A5D2-D800D54684BD}.Release|Any CPU.Build.0 = Release|Any CPU
		{C3E4BA51-9DF8-4739-8A2B-9CFBC20BC60D}.Debug|Any CPU.ActiveCfg = Debug|Any CPU
		{C3E4BA51-9DF8-4739-8A2B-9CFBC20BC60D}.Debug|Any CPU.Build.0 = Debug|Any CPU
		{C3E4BA51-9DF8-4739-8A2B-9CFBC20BC60D}.Release|Any CPU.ActiveCfg = Release|Any CPU
		{C3E4BA51-9DF8-4739-8A2B-9CFBC20BC60D}.Release|Any CPU.Build.0 = Release|Any CPU
		{BD729363-F5C3-4D6B-912C-EC94C05EE04D}.Debug|Any CPU.ActiveCfg = Debug|Any CPU
		{BD729363-F5C3-4D6B-912C-EC94C05EE04D}.Debug|Any CPU.Build.0 = Debug|Any CPU
		{BD729363-F5C3-4D6B-912C-EC94C05EE04D}.Release|Any CPU.ActiveCfg = Release|Any CPU
		{BD729363-F5C3-4D6B-912C-EC94C05EE04D}.Release|Any CPU.Build.0 = Release|Any CPU
	EndGlobalSection
	GlobalSection(SolutionProperties) = preSolution
		HideSolutionNode = FALSE
	EndGlobalSection
	GlobalSection(NestedProjects) = preSolution
		{B087A9EB-0C03-4C26-9946-44BA2C9A1E70} = {70F3F06E-3603-4EC4-9069-607AE319613A}
		{5C91B986-88D7-488B-A256-0D3A9E98F42C} = {284952CE-866A-4E5B-A887-498583393019}
		{02CAF0FE-3A83-476B-B0C8-42D5704D9F02} = {284952CE-866A-4E5B-A887-498583393019}
		{CDB1A3A1-2E15-4E11-A8A7-D0D7EAED85B5} = {284952CE-866A-4E5B-A887-498583393019}
		{019B3BA9-070C-46EB-962D-A268E73AA819} = {284952CE-866A-4E5B-A887-498583393019}
		{4CF94387-3F81-4D44-BCF6-98168B8E3D2B} = {A308E0B3-510E-43D8-BD7E-30A65DF1C2C0}
		{A27F7199-5272-41FD-A306-A9BF611A7E0A} = {A308E0B3-510E-43D8-BD7E-30A65DF1C2C0}
		{2635B4B2-F69B-48B6-945C-91D6DB822076} = {A308E0B3-510E-43D8-BD7E-30A65DF1C2C0}
		{628FEFB0-9A99-46AE-A5D2-D800D54684BD} = {0ECF5177-AF4D-48F3-B1B9-55F646AF2A48}
		{C3E4BA51-9DF8-4739-8A2B-9CFBC20BC60D} = {0ECF5177-AF4D-48F3-B1B9-55F646AF2A48}
		{BD729363-F5C3-4D6B-912C-EC94C05EE04D} = {2A4A8845-0900-4AC3-A185-9B4D859DFD60}
	EndGlobalSection
	GlobalSection(ExtensibilityGlobals) = postSolution
		SolutionGuid = {39E8717C-BC8A-4B7D-B5E5-77D6C0F84CD4}
	EndGlobalSection
EndGlobal
